dependencies:
  espressif/mpu6050:
    component_hash: d69219ccb141372b863c511749ffbeab28417ac71c205d7ed7030c308e1b6832
    source:
      service_url: https://api.components.espressif.com/
      type: service
    version: 1.2.0
  idf:
    component_hash: null
    source:
      type: idf
    version: 5.2.1
manifest_hash: 994aec34ed86040310cab1c33b684b0fb713924eebda573c2ee067dda92607f5
target: esp32
version: 1.0.0
